// !$*UTF8*$!
{
	archiveVersion = 1;
	classes = {
	};
	objectVersion = 46;
	objects = {

/* Begin PBXBuildFile section */
		681242761879B27500B3009F /* iTunesProjectPong.png in Resources */ = {isa = PBXBuildFile; fileRef = 681242661879B27500B3009F /* iTunesProjectPong.png */; };
		681242771879B27500B3009F /* iTunesProjectPong@2x.png in Resources */ = {isa = PBXBuildFile; fileRef = 681242671879B27500B3009F /* iTunesProjectPong@2x.png */; };
		681242781879B27500B3009F /* ProjectPong29x29.png in Resources */ = {isa = PBXBuildFile; fileRef = 681242681879B27500B3009F /* ProjectPong29x29.png */; };
		681242791879B27500B3009F /* ProjectPong29x29@2x.png in Resources */ = {isa = PBXBuildFile; fileRef = 681242691879B27500B3009F /* ProjectPong29x29@2x.png */; };
		6812427A1879B27500B3009F /* ProjectPong40x40.png in Resources */ = {isa = PBXBuildFile; fileRef = 6812426A1879B27500B3009F /* ProjectPong40x40.png */; };
		6812427B1879B27500B3009F /* ProjectPong40x40@2x.png in Resources */ = {isa = PBXBuildFile; fileRef = 6812426B1879B27500B3009F /* ProjectPong40x40@2x.png */; };
		6812427C1879B27500B3009F /* ProjectPong50x50.png in Resources */ = {isa = PBXBuildFile; fileRef = 6812426C1879B27500B3009F /* ProjectPong50x50.png */; };
		6812427D1879B27500B3009F /* ProjectPong50x50@2x.png in Resources */ = {isa = PBXBuildFile; fileRef = 6812426D1879B27500B3009F /* ProjectPong50x50@2x.png */; };
		6812427E1879B27500B3009F /* ProjectPong57x57.png in Resources */ = {isa = PBXBuildFile; fileRef = 6812426E1879B27500B3009F /* ProjectPong57x57.png */; };
		6812427F1879B27500B3009F /* ProjectPong57x57@2x.png in Resources */ = {isa = PBXBuildFile; fileRef = 6812426F1879B27500B3009F /* ProjectPong57x57@2x.png */; };
		681242801879B27500B3009F /* ProjectPong60x60.png in Resources */ = {isa = PBXBuildFile; fileRef = 681242701879B27500B3009F /* ProjectPong60x60.png */; };
		681242811879B27500B3009F /* ProjectPong60x60@2x.png in Resources */ = {isa = PBXBuildFile; fileRef = 681242711879B27500B3009F /* ProjectPong60x60@2x.png */; };
		681242821879B27500B3009F /* ProjectPong72x72.png in Resources */ = {isa = PBXBuildFile; fileRef = 681242721879B27500B3009F /* ProjectPong72x72.png */; };
		681242831879B27500B3009F /* ProjectPong72x72@2x.png in Resources */ = {isa = PBXBuildFile; fileRef = 681242731879B27500B3009F /* ProjectPong72x72@2x.png */; };
		681242841879B27500B3009F /* ProjectPong76x76.png in Resources */ = {isa = PBXBuildFile; fileRef = 681242741879B27500B3009F /* ProjectPong76x76.png */; };
		681242851879B27500B3009F /* ProjectPong76x76@2x.png in Resources */ = {isa = PBXBuildFile; fileRef = 681242751879B27500B3009F /* ProjectPong76x76@2x.png */; };
		68270E55187183F100A071EA /* PPM_UserTableViewController.m in Sources */ = {isa = PBXBuildFile; fileRef = 68270E54187183F100A071EA /* PPM_UserTableViewController.m */; };
		6849B2B61875755B00431F38 /* ClassicTitle.png in Resources */ = {isa = PBXBuildFile; fileRef = 6849B2B51875755B00431F38 /* ClassicTitle.png */; };
		6849B2B81875769600431F38 /* PlasticThemeButton.png in Resources */ = {isa = PBXBuildFile; fileRef = 6849B2B71875769600431F38 /* PlasticThemeButton.png */; };
		6849B2BA1875772F00431F38 /* ClassicThemeButton.png in Resources */ = {isa = PBXBuildFile; fileRef = 6849B2B91875772F00431F38 /* ClassicThemeButton.png */; };
		6849B2BD18757A3E00431F38 /* ClassicBackground.png in Resources */ = {isa = PBXBuildFile; fileRef = 6849B2BB18757A3E00431F38 /* ClassicBackground.png */; };
		6849B2C018757B9B00431F38 /* ClassicGameBackground.png in Resources */ = {isa = PBXBuildFile; fileRef = 6849B2BF18757B9B00431F38 /* ClassicGameBackground.png */; };
		6849B2C6187580D000431F38 /* ClassicBall.png in Resources */ = {isa = PBXBuildFile; fileRef = 6849B2C1187580D000431F38 /* ClassicBall.png */; };
		6849B2C7187580D000431F38 /* ClassicPlayButton.png in Resources */ = {isa = PBXBuildFile; fileRef = 6849B2C2187580D000431F38 /* ClassicPlayButton.png */; };
		6849B2C8187580D000431F38 /* ClassicRuleButton.png in Resources */ = {isa = PBXBuildFile; fileRef = 6849B2C3187580D000431F38 /* ClassicRuleButton.png */; };
		6849B2C9187580D000431F38 /* ClassicScoreButton.png in Resources */ = {isa = PBXBuildFile; fileRef = 6849B2C4187580D000431F38 /* ClassicScoreButton.png */; };
		6849B2CA187580D000431F38 /* ClassicSettingsButton.png in Resources */ = {isa = PBXBuildFile; fileRef = 6849B2C5187580D000431F38 /* ClassicSettingsButton.png */; };
		6849B2CC1875AD0600431F38 /* ClassicUser.png in Resources */ = {isa = PBXBuildFile; fileRef = 6849B2CB1875AD0600431F38 /* ClassicUser.png */; };
		6849B2CF1875B6C100431F38 /* PPM_SocialSettingsViewController.m in Sources */ = {isa = PBXBuildFile; fileRef = 6849B2CE1875B6C100431F38 /* PPM_SocialSettingsViewController.m */; };
		6849B2D11875BC3D00431F38 /* ClassicBar.png in Resources */ = {isa = PBXBuildFile; fileRef = 6849B2D01875BC3D00431F38 /* ClassicBar.png */; };
		6861DAD0186C7E0D00EDA5EC /* PPM_TimerSettingsViewController.m in Sources */ = {isa = PBXBuildFile; fileRef = 6861DACF186C7E0D00EDA5EC /* PPM_TimerSettingsViewController.m */; };
		6861DAD3186C7E4700EDA5EC /* PPM_DifficultySettingsViewController.m in Sources */ = {isa = PBXBuildFile; fileRef = 6861DAD2186C7E4700EDA5EC /* PPM_DifficultySettingsViewController.m */; };
		6861DADF186C847800EDA5EC /* PlasticBackground.png in Resources */ = {isa = PBXBuildFile; fileRef = 6861DAD5186C847800EDA5EC /* PlasticBackground.png */; };
		6861DAE0186C847800EDA5EC /* PlasticBall.png in Resources */ = {isa = PBXBuildFile; fileRef = 6861DAD6186C847800EDA5EC /* PlasticBall.png */; };
		6861DAE1186C847800EDA5EC /* PlasticBar.png in Resources */ = {isa = PBXBuildFile; fileRef = 6861DAD7186C847800EDA5EC /* PlasticBar.png */; };
		6861DAE2186C847800EDA5EC /* PlasticGameBackground.png in Resources */ = {isa = PBXBuildFile; fileRef = 6861DAD8186C847800EDA5EC /* PlasticGameBackground.png */; };
		6861DAE3186C847800EDA5EC /* PlasticPlayButton.png in Resources */ = {isa = PBXBuildFile; fileRef = 6861DAD9186C847800EDA5EC /* PlasticPlayButton.png */; };
		6861DAE4186C847800EDA5EC /* PlasticRuleButton.png in Resources */ = {isa = PBXBuildFile; fileRef = 6861DADA186C847800EDA5EC /* PlasticRuleButton.png */; };
		6861DAE5186C847800EDA5EC /* PlasticScoreButton.png in Resources */ = {isa = PBXBuildFile; fileRef = 6861DADB186C847800EDA5EC /* PlasticScoreButton.png */; };
		6861DAE6186C847800EDA5EC /* PlasticSettingsButton.png in Resources */ = {isa = PBXBuildFile; fileRef = 6861DADC186C847800EDA5EC /* PlasticSettingsButton.png */; };
		6861DAE7186C847800EDA5EC /* PlasticTitle.png in Resources */ = {isa = PBXBuildFile; fileRef = 6861DADD186C847800EDA5EC /* PlasticTitle.png */; };
		6861DAE8186C847800EDA5EC /* PlasticUser.png in Resources */ = {isa = PBXBuildFile; fileRef = 6861DADE186C847800EDA5EC /* PlasticUser.png */; };
		6861DAEB186C873600EDA5EC /* PPM_ThemeSettingsViewController.m in Sources */ = {isa = PBXBuildFile; fileRef = 6861DAEA186C873600EDA5EC /* PPM_ThemeSettingsViewController.m */; };
		686D416C18799AC20085E6B4 /* PlasticLost.png in Resources */ = {isa = PBXBuildFile; fileRef = 686D416A18799AC20085E6B4 /* PlasticLost.png */; };
		686D416D18799AC20085E6B4 /* PlasticWin.png in Resources */ = {isa = PBXBuildFile; fileRef = 686D416B18799AC20085E6B4 /* PlasticWin.png */; };
		686D417018799AD50085E6B4 /* ClassicLost.png in Resources */ = {isa = PBXBuildFile; fileRef = 686D416E18799AD50085E6B4 /* ClassicLost.png */; };
		686D417118799AD50085E6B4 /* ClassicWin.png in Resources */ = {isa = PBXBuildFile; fileRef = 686D416F18799AD50085E6B4 /* ClassicWin.png */; };
		6872665A18771B4B00F120E0 /* PPM_finalGameViewController.m in Sources */ = {isa = PBXBuildFile; fileRef = 6872665918771B4B00F120E0 /* PPM_finalGameViewController.m */; };
		6872665C18771DED00F120E0 /* Social.framework in Frameworks */ = {isa = PBXBuildFile; fileRef = 6872665B18771DED00F120E0 /* Social.framework */; };
		689D7DD51872D054008949B5 /* facebookIcon.png in Resources */ = {isa = PBXBuildFile; fileRef = 689D7DD31872D054008949B5 /* facebookIcon.png */; };
		689D7DD61872D054008949B5 /* twitterICon.png in Resources */ = {isa = PBXBuildFile; fileRef = 689D7DD41872D054008949B5 /* twitterICon.png */; };
		68B4F417186DC12F00C8567E /* PPM_UserAccountPageViewController.m in Sources */ = {isa = PBXBuildFile; fileRef = 68B4F416186DC12F00C8567E /* PPM_UserAccountPageViewController.m */; };
		68BCCDC01876CC6800517892 /* ClassicNumbers.png in Resources */ = {isa = PBXBuildFile; fileRef = 68BCCDBF1876CC6800517892 /* ClassicNumbers.png */; };
		68BCCDC21876CC8000517892 /* PlasticPlayButton.png in Resources */ = {isa = PBXBuildFile; fileRef = 68BCCDC11876CC8000517892 /* PlasticPlayButton.png */; };
		68DCA3DE187F0931005B980C /* ClassicAlertSound.wav in Resources */ = {isa = PBXBuildFile; fileRef = 68DCA3CF187F0931005B980C /* ClassicAlertSound.wav */; };
		68DCA3DF187F0931005B980C /* ClassicBall1Sound.wav in Resources */ = {isa = PBXBuildFile; fileRef = 68DCA3D0187F0931005B980C /* ClassicBall1Sound.wav */; };
		68DCA3E0187F0931005B980C /* ClassicBall2Sound.wav in Resources */ = {isa = PBXBuildFile; fileRef = 68DCA3D1187F0931005B980C /* ClassicBall2Sound.wav */; };
		68DCA3E1187F0931005B980C /* ClassicMainSound.mp3 in Resources */ = {isa = PBXBuildFile; fileRef = 68DCA3D2187F0931005B980C /* ClassicMainSound.mp3 */; };
		68DCA3E2187F0931005B980C /* ClassicScoreSound.wav in Resources */ = {isa = PBXBuildFile; fileRef = 68DCA3D3187F0931005B980C /* ClassicScoreSound.wav */; };
		68DCA3E3187F0931005B980C /* ClassicWinSound.wav in Resources */ = {isa = PBXBuildFile; fileRef = 68DCA3D4187F0931005B980C /* ClassicWinSound.wav */; };
		68DCA3E4187F0931005B980C /* GameOverSound.wav in Resources */ = {isa = PBXBuildFile; fileRef = 68DCA3D5187F0931005B980C /* GameOverSound.wav */; };
		68DCA3E5187F0931005B980C /* GameStartSound.wav in Resources */ = {isa = PBXBuildFile; fileRef = 68DCA3D6187F0931005B980C /* GameStartSound.wav */; };
		68DCA3E6187F0931005B980C /* PlasticAlertSound.wav in Resources */ = {isa = PBXBuildFile; fileRef = 68DCA3D8187F0931005B980C /* PlasticAlertSound.wav */; };
		68DCA3E7187F0931005B980C /* PlasticBall1Sound.wav in Resources */ = {isa = PBXBuildFile; fileRef = 68DCA3D9187F0931005B980C /* PlasticBall1Sound.wav */; };
		68DCA3E8187F0931005B980C /* PlasticBall2Sound.wav in Resources */ = {isa = PBXBuildFile; fileRef = 68DCA3DA187F0931005B980C /* PlasticBall2Sound.wav */; };
		68DCA3E9187F0931005B980C /* PlasticMainSound.wav in Resources */ = {isa = PBXBuildFile; fileRef = 68DCA3DB187F0931005B980C /* PlasticMainSound.wav */; };
		68DCA3EA187F0931005B980C /* PlasticScoreSound.wav in Resources */ = {isa = PBXBuildFile; fileRef = 68DCA3DC187F0931005B980C /* PlasticScoreSound.wav */; };
		68DCA3EB187F0931005B980C /* PlasticWinSound.wav in Resources */ = {isa = PBXBuildFile; fileRef = 68DCA3DD187F0931005B980C /* PlasticWinSound.wav */; };
		68DCA3EE187F0CD7005B980C /* PPM_LocalScoreViewController.m in Sources */ = {isa = PBXBuildFile; fileRef = 68DCA3ED187F0CD7005B980C /* PPM_LocalScoreViewController.m */; };
		68DCA3F1187F0CE6005B980C /* PPM_SocialScoreViewController.m in Sources */ = {isa = PBXBuildFile; fileRef = 68DCA3F0187F0CE6005B980C /* PPM_SocialScoreViewController.m */; };
		68E15160186F1661004B5B26 /* PPM_SettingsTableViewController.m in Sources */ = {isa = PBXBuildFile; fileRef = 68E1515F186F1661004B5B26 /* PPM_SettingsTableViewController.m */; };
		982070E3186B8D62006CD73F /* PPM_GameSettingsAccessClass.m in Sources */ = {isa = PBXBuildFile; fileRef = 982070E2186B8D62006CD73F /* PPM_GameSettingsAccessClass.m */; };
		9875869F1871DF410076EA89 /* PPM_Colors.m in Sources */ = {isa = PBXBuildFile; fileRef = 9875869E1871DF410076EA89 /* PPM_Colors.m */; };
		98E52AB9186A4FCF00EEB419 /* PPM_Settings.m in Sources */ = {isa = PBXBuildFile; fileRef = 98E52AB8186A4FCF00EEB419 /* PPM_Settings.m */; };
		98EC34941876D5A6008B2E17 /* PlasticNumbers.png in Resources */ = {isa = PBXBuildFile; fileRef = 98EC34931876D5A6008B2E17 /* PlasticNumbers.png */; };
		98F479BA186A1B920048D3D3 /* Foundation.framework in Frameworks */ = {isa = PBXBuildFile; fileRef = 98F479B9186A1B920048D3D3 /* Foundation.framework */; };
		98F479BC186A1B920048D3D3 /* CoreGraphics.framework in Frameworks */ = {isa = PBXBuildFile; fileRef = 98F479BB186A1B920048D3D3 /* CoreGraphics.framework */; };
		98F479BE186A1B920048D3D3 /* UIKit.framework in Frameworks */ = {isa = PBXBuildFile; fileRef = 98F479BD186A1B920048D3D3 /* UIKit.framework */; };
		98F479C4186A1B920048D3D3 /* InfoPlist.strings in Resources */ = {isa = PBXBuildFile; fileRef = 98F479C2186A1B920048D3D3 /* InfoPlist.strings */; };
		98F479C6186A1B920048D3D3 /* main.m in Sources */ = {isa = PBXBuildFile; fileRef = 98F479C5186A1B920048D3D3 /* main.m */; };
		98F479CA186A1B920048D3D3 /* PPM_AppDelegate.m in Sources */ = {isa = PBXBuildFile; fileRef = 98F479C9186A1B920048D3D3 /* PPM_AppDelegate.m */; };
		98F479CD186A1B920048D3D3 /* Main_iPhone.storyboard in Resources */ = {isa = PBXBuildFile; fileRef = 98F479CB186A1B920048D3D3 /* Main_iPhone.storyboard */; };
		98F479D0186A1B920048D3D3 /* Main_iPad.storyboard in Resources */ = {isa = PBXBuildFile; fileRef = 98F479CE186A1B920048D3D3 /* Main_iPad.storyboard */; };
		98F479D3186A1B920048D3D3 /* PPM_ViewController.m in Sources */ = {isa = PBXBuildFile; fileRef = 98F479D2186A1B920048D3D3 /* PPM_ViewController.m */; };
		98F479D5186A1B920048D3D3 /* Images.xcassets in Resources */ = {isa = PBXBuildFile; fileRef = 98F479D4186A1B920048D3D3 /* Images.xcassets */; };
		98F479DC186A1B920048D3D3 /* XCTest.framework in Frameworks */ = {isa = PBXBuildFile; fileRef = 98F479DB186A1B920048D3D3 /* XCTest.framework */; };
		98F479DD186A1B920048D3D3 /* Foundation.framework in Frameworks */ = {isa = PBXBuildFile; fileRef = 98F479B9186A1B920048D3D3 /* Foundation.framework */; };
		98F479DE186A1B920048D3D3 /* UIKit.framework in Frameworks */ = {isa = PBXBuildFile; fileRef = 98F479BD186A1B920048D3D3 /* UIKit.framework */; };
		98F479E6186A1B920048D3D3 /* InfoPlist.strings in Resources */ = {isa = PBXBuildFile; fileRef = 98F479E4186A1B920048D3D3 /* InfoPlist.strings */; };
		98F479E8186A1B920048D3D3 /* projectpongTests.m in Sources */ = {isa = PBXBuildFile; fileRef = 98F479E7186A1B920048D3D3 /* projectpongTests.m */; };
		98F47A08186A1CD60048D3D3 /* PPM_Ball.m in Sources */ = {isa = PBXBuildFile; fileRef = 98F479F3186A1CD60048D3D3 /* PPM_Ball.m */; };
		98F47A09186A1CD60048D3D3 /* PPM_Bar.m in Sources */ = {isa = PBXBuildFile; fileRef = 98F479F5186A1CD60048D3D3 /* PPM_Bar.m */; };
		98F47A0A186A1CD60048D3D3 /* PPM_MainLogicClass.m in Sources */ = {isa = PBXBuildFile; fileRef = 98F479F7186A1CD60048D3D3 /* PPM_MainLogicClass.m */; };
		98F47A0B186A1CD60048D3D3 /* PPM_CreditsViewController.m in Sources */ = {isa = PBXBuildFile; fileRef = 98F479F9186A1CD60048D3D3 /* PPM_CreditsViewController.m */; };
		98F47A0C186A1CD60048D3D3 /* PPM_GameLogicAccessClass.m in Sources */ = {isa = PBXBuildFile; fileRef = 98F479FB186A1CD60048D3D3 /* PPM_GameLogicAccessClass.m */; };
		98F47A0D186A1CD60048D3D3 /* PPM_InfoViewController.m in Sources */ = {isa = PBXBuildFile; fileRef = 98F479FD186A1CD60048D3D3 /* PPM_InfoViewController.m */; };
		98F47A0E186A1CD60048D3D3 /* PPM_GameViewController.m in Sources */ = {isa = PBXBuildFile; fileRef = 98F479FF186A1CD60048D3D3 /* PPM_GameViewController.m */; };
		98F47A0F186A1CD60048D3D3 /* PPM_StartViewController.m in Sources */ = {isa = PBXBuildFile; fileRef = 98F47A01186A1CD60048D3D3 /* PPM_StartViewController.m */; };
		98F47A10186A1CD60048D3D3 /* PPM_RICPageViewController.m in Sources */ = {isa = PBXBuildFile; fileRef = 98F47A03186A1CD60048D3D3 /* PPM_RICPageViewController.m */; };
		98F47A11186A1CD60048D3D3 /* PPM_RuleViewController.m in Sources */ = {isa = PBXBuildFile; fileRef = 98F47A05186A1CD60048D3D3 /* PPM_RuleViewController.m */; };
		98F47A12186A1CD60048D3D3 /* PPM_WebThemesViewController.m in Sources */ = {isa = PBXBuildFile; fileRef = 98F47A07186A1CD60048D3D3 /* PPM_WebThemesViewController.m */; };
		98F47A29186A1CE70048D3D3 /* ACCropImages.m in Sources */ = {isa = PBXBuildFile; fileRef = 98F47A15186A1CE70048D3D3 /* ACCropImages.m */; };
		98F47A2A186A1CE70048D3D3 /* ACPopupViewManager.m in Sources */ = {isa = PBXBuildFile; fileRef = 98F47A17186A1CE70048D3D3 /* ACPopupViewManager.m */; };
		98F47A2B186A1CE70048D3D3 /* button-play-pause.png in Resources */ = {isa = PBXBuildFile; fileRef = 98F47A19186A1CE70048D3D3 /* button-play-pause.png */; };
		98F47A37186A1CE70048D3D3 /* LocalIcon.png in Resources */ = {isa = PBXBuildFile; fileRef = 98F47A26186A1CE70048D3D3 /* LocalIcon.png */; };
		98F47A39186A1CE70048D3D3 /* SocialIcon.png in Resources */ = {isa = PBXBuildFile; fileRef = 98F47A28186A1CE70048D3D3 /* SocialIcon.png */; };
/* End PBXBuildFile section */

/* Begin PBXContainerItemProxy section */
		98F479DF186A1B920048D3D3 /* PBXContainerItemProxy */ = {
			isa = PBXContainerItemProxy;
			containerPortal = 98F479AE186A1B920048D3D3 /* Project object */;
			proxyType = 1;
			remoteGlobalIDString = 98F479B5186A1B920048D3D3;
			remoteInfo = projectpong;
		};
/* End PBXContainerItemProxy section */

/* Begin PBXFileReference section */
		681242661879B27500B3009F /* iTunesProjectPong.png */ = {isa = PBXFileReference; lastKnownFileType = image.png; path = iTunesProjectPong.png; sourceTree = "<group>"; };
		681242671879B27500B3009F /* iTunesProjectPong@2x.png */ = {isa = PBXFileReference; lastKnownFileType = image.png; path = "iTunesProjectPong@2x.png"; sourceTree = "<group>"; };
		681242681879B27500B3009F /* ProjectPong29x29.png */ = {isa = PBXFileReference; lastKnownFileType = image.png; path = ProjectPong29x29.png; sourceTree = "<group>"; };
		681242691879B27500B3009F /* ProjectPong29x29@2x.png */ = {isa = PBXFileReference; lastKnownFileType = image.png; path = "ProjectPong29x29@2x.png"; sourceTree = "<group>"; };
		6812426A1879B27500B3009F /* ProjectPong40x40.png */ = {isa = PBXFileReference; lastKnownFileType = image.png; path = ProjectPong40x40.png; sourceTree = "<group>"; };
		6812426B1879B27500B3009F /* ProjectPong40x40@2x.png */ = {isa = PBXFileReference; lastKnownFileType = image.png; path = "ProjectPong40x40@2x.png"; sourceTree = "<group>"; };
		6812426C1879B27500B3009F /* ProjectPong50x50.png */ = {isa = PBXFileReference; lastKnownFileType = image.png; path = ProjectPong50x50.png; sourceTree = "<group>"; };
		6812426D1879B27500B3009F /* ProjectPong50x50@2x.png */ = {isa = PBXFileReference; lastKnownFileType = image.png; path = "ProjectPong50x50@2x.png"; sourceTree = "<group>"; };
		6812426E1879B27500B3009F /* ProjectPong57x57.png */ = {isa = PBXFileReference; lastKnownFileType = image.png; path = ProjectPong57x57.png; sourceTree = "<group>"; };
		6812426F1879B27500B3009F /* ProjectPong57x57@2x.png */ = {isa = PBXFileReference; lastKnownFileType = image.png; path = "ProjectPong57x57@2x.png"; sourceTree = "<group>"; };
		681242701879B27500B3009F /* ProjectPong60x60.png */ = {isa = PBXFileReference; lastKnownFileType = image.png; path = ProjectPong60x60.png; sourceTree = "<group>"; };
		681242711879B27500B3009F /* ProjectPong60x60@2x.png */ = {isa = PBXFileReference; lastKnownFileType = image.png; path = "ProjectPong60x60@2x.png"; sourceTree = "<group>"; };
		681242721879B27500B3009F /* ProjectPong72x72.png */ = {isa = PBXFileReference; lastKnownFileType = image.png; path = ProjectPong72x72.png; sourceTree = "<group>"; };
		681242731879B27500B3009F /* ProjectPong72x72@2x.png */ = {isa = PBXFileReference; lastKnownFileType = image.png; path = "ProjectPong72x72@2x.png"; sourceTree = "<group>"; };
		681242741879B27500B3009F /* ProjectPong76x76.png */ = {isa = PBXFileReference; lastKnownFileType = image.png; path = ProjectPong76x76.png; sourceTree = "<group>"; };
		681242751879B27500B3009F /* ProjectPong76x76@2x.png */ = {isa = PBXFileReference; lastKnownFileType = image.png; path = "ProjectPong76x76@2x.png"; sourceTree = "<group>"; };
		68270E53187183F100A071EA /* PPM_UserTableViewController.h */ = {isa = PBXFileReference; fileEncoding = 4; lastKnownFileType = sourcecode.c.h; path = PPM_UserTableViewController.h; sourceTree = "<group>"; };
		68270E54187183F100A071EA /* PPM_UserTableViewController.m */ = {isa = PBXFileReference; fileEncoding = 4; lastKnownFileType = sourcecode.c.objc; path = PPM_UserTableViewController.m; sourceTree = "<group>"; };
		6849B2B51875755B00431F38 /* ClassicTitle.png */ = {isa = PBXFileReference; lastKnownFileType = image.png; path = ClassicTitle.png; sourceTree = "<group>"; };
		6849B2B71875769600431F38 /* PlasticThemeButton.png */ = {isa = PBXFileReference; lastKnownFileType = image.png; path = PlasticThemeButton.png; sourceTree = "<group>"; };
		6849B2B91875772F00431F38 /* ClassicThemeButton.png */ = {isa = PBXFileReference; lastKnownFileType = image.png; path = ClassicThemeButton.png; sourceTree = "<group>"; };
		6849B2BB18757A3E00431F38 /* ClassicBackground.png */ = {isa = PBXFileReference; lastKnownFileType = image.png; path = ClassicBackground.png; sourceTree = "<group>"; };
		6849B2BF18757B9B00431F38 /* ClassicGameBackground.png */ = {isa = PBXFileReference; lastKnownFileType = image.png; path = ClassicGameBackground.png; sourceTree = "<group>"; };
		6849B2C1187580D000431F38 /* ClassicBall.png */ = {isa = PBXFileReference; lastKnownFileType = image.png; path = ClassicBall.png; sourceTree = "<group>"; };
		6849B2C2187580D000431F38 /* ClassicPlayButton.png */ = {isa = PBXFileReference; lastKnownFileType = image.png; path = ClassicPlayButton.png; sourceTree = "<group>"; };
		6849B2C3187580D000431F38 /* ClassicRuleButton.png */ = {isa = PBXFileReference; lastKnownFileType = image.png; path = ClassicRuleButton.png; sourceTree = "<group>"; };
		6849B2C4187580D000431F38 /* ClassicScoreButton.png */ = {isa = PBXFileReference; lastKnownFileType = image.png; path = ClassicScoreButton.png; sourceTree = "<group>"; };
		6849B2C5187580D000431F38 /* ClassicSettingsButton.png */ = {isa = PBXFileReference; lastKnownFileType = image.png; path = ClassicSettingsButton.png; sourceTree = "<group>"; };
		6849B2CB1875AD0600431F38 /* ClassicUser.png */ = {isa = PBXFileReference; lastKnownFileType = image.png; path = ClassicUser.png; sourceTree = "<group>"; };
		6849B2CD1875B6C100431F38 /* PPM_SocialSettingsViewController.h */ = {isa = PBXFileReference; fileEncoding = 4; lastKnownFileType = sourcecode.c.h; path = PPM_SocialSettingsViewController.h; sourceTree = "<group>"; };
		6849B2CE1875B6C100431F38 /* PPM_SocialSettingsViewController.m */ = {isa = PBXFileReference; fileEncoding = 4; lastKnownFileType = sourcecode.c.objc; path = PPM_SocialSettingsViewController.m; sourceTree = "<group>"; };
		6849B2D01875BC3D00431F38 /* ClassicBar.png */ = {isa = PBXFileReference; lastKnownFileType = image.png; path = ClassicBar.png; sourceTree = "<group>"; };
		6861DACE186C7E0D00EDA5EC /* PPM_TimerSettingsViewController.h */ = {isa = PBXFileReference; fileEncoding = 4; lastKnownFileType = sourcecode.c.h; path = PPM_TimerSettingsViewController.h; sourceTree = "<group>"; };
		6861DACF186C7E0D00EDA5EC /* PPM_TimerSettingsViewController.m */ = {isa = PBXFileReference; fileEncoding = 4; lastKnownFileType = sourcecode.c.objc; path = PPM_TimerSettingsViewController.m; sourceTree = "<group>"; };
		6861DAD1186C7E4700EDA5EC /* PPM_DifficultySettingsViewController.h */ = {isa = PBXFileReference; fileEncoding = 4; lastKnownFileType = sourcecode.c.h; name = PPM_DifficultySettingsViewController.h; path = ../PPM_DifficultySettingsViewController.h; sourceTree = "<group>"; };
		6861DAD2186C7E4700EDA5EC /* PPM_DifficultySettingsViewController.m */ = {isa = PBXFileReference; fileEncoding = 4; lastKnownFileType = sourcecode.c.objc; name = PPM_DifficultySettingsViewController.m; path = ../PPM_DifficultySettingsViewController.m; sourceTree = "<group>"; };
		6861DAD5186C847800EDA5EC /* PlasticBackground.png */ = {isa = PBXFileReference; lastKnownFileType = image.png; path = PlasticBackground.png; sourceTree = "<group>"; };
		6861DAD6186C847800EDA5EC /* PlasticBall.png */ = {isa = PBXFileReference; lastKnownFileType = image.png; path = PlasticBall.png; sourceTree = "<group>"; };
		6861DAD7186C847800EDA5EC /* PlasticBar.png */ = {isa = PBXFileReference; lastKnownFileType = image.png; path = PlasticBar.png; sourceTree = "<group>"; };
		6861DAD8186C847800EDA5EC /* PlasticGameBackground.png */ = {isa = PBXFileReference; lastKnownFileType = image.png; path = PlasticGameBackground.png; sourceTree = "<group>"; };
		6861DAD9186C847800EDA5EC /* PlasticPlayButton.png */ = {isa = PBXFileReference; lastKnownFileType = image.png; path = PlasticPlayButton.png; sourceTree = "<group>"; };
		6861DADA186C847800EDA5EC /* PlasticRuleButton.png */ = {isa = PBXFileReference; lastKnownFileType = image.png; path = PlasticRuleButton.png; sourceTree = "<group>"; };
		6861DADB186C847800EDA5EC /* PlasticScoreButton.png */ = {isa = PBXFileReference; lastKnownFileType = image.png; path = PlasticScoreButton.png; sourceTree = "<group>"; };
		6861DADC186C847800EDA5EC /* PlasticSettingsButton.png */ = {isa = PBXFileReference; lastKnownFileType = image.png; path = PlasticSettingsButton.png; sourceTree = "<group>"; };
		6861DADD186C847800EDA5EC /* PlasticTitle.png */ = {isa = PBXFileReference; lastKnownFileType = image.png; path = PlasticTitle.png; sourceTree = "<group>"; };
		6861DADE186C847800EDA5EC /* PlasticUser.png */ = {isa = PBXFileReference; lastKnownFileType = image.png; path = PlasticUser.png; sourceTree = "<group>"; };
		6861DAE9186C873600EDA5EC /* PPM_ThemeSettingsViewController.h */ = {isa = PBXFileReference; fileEncoding = 4; lastKnownFileType = sourcecode.c.h; path = PPM_ThemeSettingsViewController.h; sourceTree = "<group>"; };
		6861DAEA186C873600EDA5EC /* PPM_ThemeSettingsViewController.m */ = {isa = PBXFileReference; fileEncoding = 4; lastKnownFileType = sourcecode.c.objc; path = PPM_ThemeSettingsViewController.m; sourceTree = "<group>"; };
		686D416A18799AC20085E6B4 /* PlasticLost.png */ = {isa = PBXFileReference; lastKnownFileType = image.png; path = PlasticLost.png; sourceTree = "<group>"; };
		686D416B18799AC20085E6B4 /* PlasticWin.png */ = {isa = PBXFileReference; lastKnownFileType = image.png; path = PlasticWin.png; sourceTree = "<group>"; };
		686D416E18799AD50085E6B4 /* ClassicLost.png */ = {isa = PBXFileReference; lastKnownFileType = image.png; path = ClassicLost.png; sourceTree = "<group>"; };
		686D416F18799AD50085E6B4 /* ClassicWin.png */ = {isa = PBXFileReference; lastKnownFileType = image.png; path = ClassicWin.png; sourceTree = "<group>"; };
		6872665818771B4B00F120E0 /* PPM_finalGameViewController.h */ = {isa = PBXFileReference; fileEncoding = 4; lastKnownFileType = sourcecode.c.h; path = PPM_finalGameViewController.h; sourceTree = "<group>"; };
		6872665918771B4B00F120E0 /* PPM_finalGameViewController.m */ = {isa = PBXFileReference; fileEncoding = 4; lastKnownFileType = sourcecode.c.objc; path = PPM_finalGameViewController.m; sourceTree = "<group>"; };
		6872665B18771DED00F120E0 /* Social.framework */ = {isa = PBXFileReference; lastKnownFileType = wrapper.framework; name = Social.framework; path = System/Library/Frameworks/Social.framework; sourceTree = SDKROOT; };
		689D7DD31872D054008949B5 /* facebookIcon.png */ = {isa = PBXFileReference; lastKnownFileType = image.png; path = facebookIcon.png; sourceTree = "<group>"; };
		689D7DD41872D054008949B5 /* twitterICon.png */ = {isa = PBXFileReference; lastKnownFileType = image.png; path = twitterICon.png; sourceTree = "<group>"; };
		68B4F415186DC12F00C8567E /* PPM_UserAccountPageViewController.h */ = {isa = PBXFileReference; fileEncoding = 4; lastKnownFileType = sourcecode.c.h; path = PPM_UserAccountPageViewController.h; sourceTree = "<group>"; };
		68B4F416186DC12F00C8567E /* PPM_UserAccountPageViewController.m */ = {isa = PBXFileReference; fileEncoding = 4; lastKnownFileType = sourcecode.c.objc; path = PPM_UserAccountPageViewController.m; sourceTree = "<group>"; };
		68BCCDBF1876CC6800517892 /* ClassicNumbers.png */ = {isa = PBXFileReference; lastKnownFileType = image.png; path = ClassicNumbers.png; sourceTree = "<group>"; };
		68BCCDC11876CC8000517892 /* PlasticPlayButton.png */ = {isa = PBXFileReference; lastKnownFileType = image.png; path = PlasticPlayButton.png; sourceTree = "<group>"; };
		68DCA3CF187F0931005B980C /* ClassicAlertSound.wav */ = {isa = PBXFileReference; lastKnownFileType = audio.wav; path = ClassicAlertSound.wav; sourceTree = "<group>"; };
		68DCA3D0187F0931005B980C /* ClassicBall1Sound.wav */ = {isa = PBXFileReference; lastKnownFileType = audio.wav; path = ClassicBall1Sound.wav; sourceTree = "<group>"; };
		68DCA3D1187F0931005B980C /* ClassicBall2Sound.wav */ = {isa = PBXFileReference; lastKnownFileType = audio.wav; path = ClassicBall2Sound.wav; sourceTree = "<group>"; };
		68DCA3D2187F0931005B980C /* ClassicMainSound.mp3 */ = {isa = PBXFileReference; lastKnownFileType = audio.mp3; path = ClassicMainSound.mp3; sourceTree = "<group>"; };
		68DCA3D3187F0931005B980C /* ClassicScoreSound.wav */ = {isa = PBXFileReference; lastKnownFileType = audio.wav; path = ClassicScoreSound.wav; sourceTree = "<group>"; };
		68DCA3D4187F0931005B980C /* ClassicWinSound.wav */ = {isa = PBXFileReference; lastKnownFileType = audio.wav; path = ClassicWinSound.wav; sourceTree = "<group>"; };
		68DCA3D5187F0931005B980C /* GameOverSound.wav */ = {isa = PBXFileReference; lastKnownFileType = audio.wav; path = GameOverSound.wav; sourceTree = "<group>"; };
		68DCA3D6187F0931005B980C /* GameStartSound.wav */ = {isa = PBXFileReference; lastKnownFileType = audio.wav; path = GameStartSound.wav; sourceTree = "<group>"; };
		68DCA3D8187F0931005B980C /* PlasticAlertSound.wav */ = {isa = PBXFileReference; lastKnownFileType = audio.wav; path = PlasticAlertSound.wav; sourceTree = "<group>"; };
		68DCA3D9187F0931005B980C /* PlasticBall1Sound.wav */ = {isa = PBXFileReference; lastKnownFileType = audio.wav; path = PlasticBall1Sound.wav; sourceTree = "<group>"; };
		68DCA3DA187F0931005B980C /* PlasticBall2Sound.wav */ = {isa = PBXFileReference; lastKnownFileType = audio.wav; path = PlasticBall2Sound.wav; sourceTree = "<group>"; };
		68DCA3DB187F0931005B980C /* PlasticMainSound.wav */ = {isa = PBXFileReference; lastKnownFileType = audio.wav; path = PlasticMainSound.wav; sourceTree = "<group>"; };
		68DCA3DC187F0931005B980C /* PlasticScoreSound.wav */ = {isa = PBXFileReference; lastKnownFileType = audio.wav; path = PlasticScoreSound.wav; sourceTree = "<group>"; };
		68DCA3DD187F0931005B980C /* PlasticWinSound.wav */ = {isa = PBXFileReference; lastKnownFileType = audio.wav; path = PlasticWinSound.wav; sourceTree = "<group>"; };
		68DCA3EC187F0CD7005B980C /* PPM_LocalScoreViewController.h */ = {isa = PBXFileReference; fileEncoding = 4; lastKnownFileType = sourcecode.c.h; path = PPM_LocalScoreViewController.h; sourceTree = "<group>"; };
		68DCA3ED187F0CD7005B980C /* PPM_LocalScoreViewController.m */ = {isa = PBXFileReference; fileEncoding = 4; lastKnownFileType = sourcecode.c.objc; path = PPM_LocalScoreViewController.m; sourceTree = "<group>"; };
		68DCA3EF187F0CE6005B980C /* PPM_SocialScoreViewController.h */ = {isa = PBXFileReference; fileEncoding = 4; lastKnownFileType = sourcecode.c.h; path = PPM_SocialScoreViewController.h; sourceTree = "<group>"; };
		68DCA3F0187F0CE6005B980C /* PPM_SocialScoreViewController.m */ = {isa = PBXFileReference; fileEncoding = 4; lastKnownFileType = sourcecode.c.objc; path = PPM_SocialScoreViewController.m; sourceTree = "<group>"; };
		68E1515E186F1661004B5B26 /* PPM_SettingsTableViewController.h */ = {isa = PBXFileReference; fileEncoding = 4; lastKnownFileType = sourcecode.c.h; path = PPM_SettingsTableViewController.h; sourceTree = "<group>"; };
		68E1515F186F1661004B5B26 /* PPM_SettingsTableViewController.m */ = {isa = PBXFileReference; fileEncoding = 4; lastKnownFileType = sourcecode.c.objc; path = PPM_SettingsTableViewController.m; sourceTree = "<group>"; };
		982070E1186B8D62006CD73F /* PPM_GameSettingsAccessClass.h */ = {isa = PBXFileReference; fileEncoding = 4; lastKnownFileType = sourcecode.c.h; name = PPM_GameSettingsAccessClass.h; path = ../PPM_GameSettingsAccessClass.h; sourceTree = "<group>"; };
		982070E2186B8D62006CD73F /* PPM_GameSettingsAccessClass.m */ = {isa = PBXFileReference; fileEncoding = 4; lastKnownFileType = sourcecode.c.objc; name = PPM_GameSettingsAccessClass.m; path = ../PPM_GameSettingsAccessClass.m; sourceTree = "<group>"; };
		9875869D1871DF410076EA89 /* PPM_Colors.h */ = {isa = PBXFileReference; fileEncoding = 4; lastKnownFileType = sourcecode.c.h; path = PPM_Colors.h; sourceTree = "<group>"; };
		9875869E1871DF410076EA89 /* PPM_Colors.m */ = {isa = PBXFileReference; fileEncoding = 4; lastKnownFileType = sourcecode.c.objc; path = PPM_Colors.m; sourceTree = "<group>"; };
		98E52AB7186A4FCF00EEB419 /* PPM_Settings.h */ = {isa = PBXFileReference; fileEncoding = 4; lastKnownFileType = sourcecode.c.h; path = PPM_Settings.h; sourceTree = "<group>"; };
		98E52AB8186A4FCF00EEB419 /* PPM_Settings.m */ = {isa = PBXFileReference; fileEncoding = 4; lastKnownFileType = sourcecode.c.objc; path = PPM_Settings.m; sourceTree = "<group>"; };
		98EC34931876D5A6008B2E17 /* PlasticNumbers.png */ = {isa = PBXFileReference; lastKnownFileType = image.png; path = PlasticNumbers.png; sourceTree = "<group>"; };
		98F479B6186A1B920048D3D3 /* projectpong.app */ = {isa = PBXFileReference; explicitFileType = wrapper.application; includeInIndex = 0; path = projectpong.app; sourceTree = BUILT_PRODUCTS_DIR; };
		98F479B9186A1B920048D3D3 /* Foundation.framework */ = {isa = PBXFileReference; lastKnownFileType = wrapper.framework; name = Foundation.framework; path = System/Library/Frameworks/Foundation.framework; sourceTree = SDKROOT; };
		98F479BB186A1B920048D3D3 /* CoreGraphics.framework */ = {isa = PBXFileReference; lastKnownFileType = wrapper.framework; name = CoreGraphics.framework; path = System/Library/Frameworks/CoreGraphics.framework; sourceTree = SDKROOT; };
		98F479BD186A1B920048D3D3 /* UIKit.framework */ = {isa = PBXFileReference; lastKnownFileType = wrapper.framework; name = UIKit.framework; path = System/Library/Frameworks/UIKit.framework; sourceTree = SDKROOT; };
		98F479C1186A1B920048D3D3 /* projectpong-Info.plist */ = {isa = PBXFileReference; lastKnownFileType = text.plist.xml; path = "projectpong-Info.plist"; sourceTree = "<group>"; };
		98F479C3186A1B920048D3D3 /* en */ = {isa = PBXFileReference; lastKnownFileType = text.plist.strings; name = en; path = en.lproj/InfoPlist.strings; sourceTree = "<group>"; };
		98F479C5186A1B920048D3D3 /* main.m */ = {isa = PBXFileReference; lastKnownFileType = sourcecode.c.objc; path = main.m; sourceTree = "<group>"; };
		98F479C7186A1B920048D3D3 /* projectpong-Prefix.pch */ = {isa = PBXFileReference; lastKnownFileType = sourcecode.c.h; path = "projectpong-Prefix.pch"; sourceTree = "<group>"; };
		98F479C8186A1B920048D3D3 /* PPM_AppDelegate.h */ = {isa = PBXFileReference; lastKnownFileType = sourcecode.c.h; path = PPM_AppDelegate.h; sourceTree = "<group>"; };
		98F479C9186A1B920048D3D3 /* PPM_AppDelegate.m */ = {isa = PBXFileReference; lastKnownFileType = sourcecode.c.objc; path = PPM_AppDelegate.m; sourceTree = "<group>"; };
		98F479CC186A1B920048D3D3 /* Base */ = {isa = PBXFileReference; lastKnownFileType = file.storyboard; name = Base; path = Base.lproj/Main_iPhone.storyboard; sourceTree = "<group>"; };
		98F479CF186A1B920048D3D3 /* Base */ = {isa = PBXFileReference; lastKnownFileType = file.storyboard; name = Base; path = Base.lproj/Main_iPad.storyboard; sourceTree = "<group>"; };
		98F479D1186A1B920048D3D3 /* PPM_ViewController.h */ = {isa = PBXFileReference; lastKnownFileType = sourcecode.c.h; path = PPM_ViewController.h; sourceTree = "<group>"; };
		98F479D2186A1B920048D3D3 /* PPM_ViewController.m */ = {isa = PBXFileReference; lastKnownFileType = sourcecode.c.objc; path = PPM_ViewController.m; sourceTree = "<group>"; };
		98F479D4186A1B920048D3D3 /* Images.xcassets */ = {isa = PBXFileReference; lastKnownFileType = folder.assetcatalog; path = Images.xcassets; sourceTree = "<group>"; };
		98F479DA186A1B920048D3D3 /* projectpongTests.xctest */ = {isa = PBXFileReference; explicitFileType = wrapper.cfbundle; includeInIndex = 0; path = projectpongTests.xctest; sourceTree = BUILT_PRODUCTS_DIR; };
		98F479DB186A1B920048D3D3 /* XCTest.framework */ = {isa = PBXFileReference; lastKnownFileType = wrapper.framework; name = XCTest.framework; path = Library/Frameworks/XCTest.framework; sourceTree = DEVELOPER_DIR; };
		98F479E3186A1B920048D3D3 /* projectpongTests-Info.plist */ = {isa = PBXFileReference; lastKnownFileType = text.plist.xml; path = "projectpongTests-Info.plist"; sourceTree = "<group>"; };
		98F479E5186A1B920048D3D3 /* en */ = {isa = PBXFileReference; lastKnownFileType = text.plist.strings; name = en; path = en.lproj/InfoPlist.strings; sourceTree = "<group>"; };
		98F479E7186A1B920048D3D3 /* projectpongTests.m */ = {isa = PBXFileReference; lastKnownFileType = sourcecode.c.objc; path = projectpongTests.m; sourceTree = "<group>"; };
		98F479F2186A1CD60048D3D3 /* PPM_Ball.h */ = {isa = PBXFileReference; fileEncoding = 4; lastKnownFileType = sourcecode.c.h; path = PPM_Ball.h; sourceTree = "<group>"; };
		98F479F3186A1CD60048D3D3 /* PPM_Ball.m */ = {isa = PBXFileReference; fileEncoding = 4; lastKnownFileType = sourcecode.c.objc; path = PPM_Ball.m; sourceTree = "<group>"; };
		98F479F4186A1CD60048D3D3 /* PPM_Bar.h */ = {isa = PBXFileReference; fileEncoding = 4; lastKnownFileType = sourcecode.c.h; path = PPM_Bar.h; sourceTree = "<group>"; };
		98F479F5186A1CD60048D3D3 /* PPM_Bar.m */ = {isa = PBXFileReference; fileEncoding = 4; lastKnownFileType = sourcecode.c.objc; path = PPM_Bar.m; sourceTree = "<group>"; };
		98F479F6186A1CD60048D3D3 /* PPM_MainLogicClass.h */ = {isa = PBXFileReference; fileEncoding = 4; lastKnownFileType = sourcecode.c.h; path = PPM_MainLogicClass.h; sourceTree = "<group>"; };
		98F479F7186A1CD60048D3D3 /* PPM_MainLogicClass.m */ = {isa = PBXFileReference; fileEncoding = 4; lastKnownFileType = sourcecode.c.objc; path = PPM_MainLogicClass.m; sourceTree = "<group>"; };
		98F479F8186A1CD60048D3D3 /* PPM_CreditsViewController.h */ = {isa = PBXFileReference; fileEncoding = 4; lastKnownFileType = sourcecode.c.h; path = PPM_CreditsViewController.h; sourceTree = "<group>"; };
		98F479F9186A1CD60048D3D3 /* PPM_CreditsViewController.m */ = {isa = PBXFileReference; fileEncoding = 4; lastKnownFileType = sourcecode.c.objc; path = PPM_CreditsViewController.m; sourceTree = "<group>"; };
		98F479FA186A1CD60048D3D3 /* PPM_GameLogicAccessClass.h */ = {isa = PBXFileReference; fileEncoding = 4; lastKnownFileType = sourcecode.c.h; name = PPM_GameLogicAccessClass.h; path = ../PPM_GameLogicAccessClass.h; sourceTree = "<group>"; };
		98F479FB186A1CD60048D3D3 /* PPM_GameLogicAccessClass.m */ = {isa = PBXFileReference; fileEncoding = 4; lastKnownFileType = sourcecode.c.objc; name = PPM_GameLogicAccessClass.m; path = ../PPM_GameLogicAccessClass.m; sourceTree = "<group>"; };
		98F479FC186A1CD60048D3D3 /* PPM_InfoViewController.h */ = {isa = PBXFileReference; fileEncoding = 4; lastKnownFileType = sourcecode.c.h; path = PPM_InfoViewController.h; sourceTree = "<group>"; };
		98F479FD186A1CD60048D3D3 /* PPM_InfoViewController.m */ = {isa = PBXFileReference; fileEncoding = 4; lastKnownFileType = sourcecode.c.objc; path = PPM_InfoViewController.m; sourceTree = "<group>"; };
		98F479FE186A1CD60048D3D3 /* PPM_GameViewController.h */ = {isa = PBXFileReference; fileEncoding = 4; lastKnownFileType = sourcecode.c.h; path = PPM_GameViewController.h; sourceTree = "<group>"; };
		98F479FF186A1CD60048D3D3 /* PPM_GameViewController.m */ = {isa = PBXFileReference; fileEncoding = 4; lastKnownFileType = sourcecode.c.objc; path = PPM_GameViewController.m; sourceTree = "<group>"; };
		98F47A00186A1CD60048D3D3 /* PPM_StartViewController.h */ = {isa = PBXFileReference; fileEncoding = 4; lastKnownFileType = sourcecode.c.h; path = PPM_StartViewController.h; sourceTree = "<group>"; };
		98F47A01186A1CD60048D3D3 /* PPM_StartViewController.m */ = {isa = PBXFileReference; fileEncoding = 4; lastKnownFileType = sourcecode.c.objc; path = PPM_StartViewController.m; sourceTree = "<group>"; };
		98F47A02186A1CD60048D3D3 /* PPM_RICPageViewController.h */ = {isa = PBXFileReference; fileEncoding = 4; lastKnownFileType = sourcecode.c.h; path = PPM_RICPageViewController.h; sourceTree = "<group>"; };
		98F47A03186A1CD60048D3D3 /* PPM_RICPageViewController.m */ = {isa = PBXFileReference; fileEncoding = 4; lastKnownFileType = sourcecode.c.objc; path = PPM_RICPageViewController.m; sourceTree = "<group>"; };
		98F47A04186A1CD60048D3D3 /* PPM_RuleViewController.h */ = {isa = PBXFileReference; fileEncoding = 4; lastKnownFileType = sourcecode.c.h; path = PPM_RuleViewController.h; sourceTree = "<group>"; };
		98F47A05186A1CD60048D3D3 /* PPM_RuleViewController.m */ = {isa = PBXFileReference; fileEncoding = 4; lastKnownFileType = sourcecode.c.objc; path = PPM_RuleViewController.m; sourceTree = "<group>"; };
		98F47A06186A1CD60048D3D3 /* PPM_WebThemesViewController.h */ = {isa = PBXFileReference; fileEncoding = 4; lastKnownFileType = sourcecode.c.h; path = PPM_WebThemesViewController.h; sourceTree = "<group>"; };
		98F47A07186A1CD60048D3D3 /* PPM_WebThemesViewController.m */ = {isa = PBXFileReference; fileEncoding = 4; lastKnownFileType = sourcecode.c.objc; path = PPM_WebThemesViewController.m; sourceTree = "<group>"; };
		98F47A14186A1CE70048D3D3 /* ACCropImages.h */ = {isa = PBXFileReference; fileEncoding = 4; lastKnownFileType = sourcecode.c.h; path = ACCropImages.h; sourceTree = "<group>"; };
		98F47A15186A1CE70048D3D3 /* ACCropImages.m */ = {isa = PBXFileReference; fileEncoding = 4; lastKnownFileType = sourcecode.c.objc; path = ACCropImages.m; sourceTree = "<group>"; };
		98F47A16186A1CE70048D3D3 /* ACPopupViewManager.h */ = {isa = PBXFileReference; fileEncoding = 4; lastKnownFileType = sourcecode.c.h; path = ACPopupViewManager.h; sourceTree = "<group>"; };
		98F47A17186A1CE70048D3D3 /* ACPopupViewManager.m */ = {isa = PBXFileReference; fileEncoding = 4; lastKnownFileType = sourcecode.c.objc; path = ACPopupViewManager.m; sourceTree = "<group>"; };
		98F47A19186A1CE70048D3D3 /* button-play-pause.png */ = {isa = PBXFileReference; lastKnownFileType = image.png; path = "button-play-pause.png"; sourceTree = "<group>"; };
		98F47A26186A1CE70048D3D3 /* LocalIcon.png */ = {isa = PBXFileReference; lastKnownFileType = image.png; path = LocalIcon.png; sourceTree = "<group>"; };
		98F47A28186A1CE70048D3D3 /* SocialIcon.png */ = {isa = PBXFileReference; lastKnownFileType = image.png; path = SocialIcon.png; sourceTree = "<group>"; };
/* End PBXFileReference section */

/* Begin PBXFrameworksBuildPhase section */
		98F479B3186A1B920048D3D3 /* Frameworks */ = {
			isa = PBXFrameworksBuildPhase;
			buildActionMask = 2147483647;
			files = (
				6872665C18771DED00F120E0 /* Social.framework in Frameworks */,
				98F479BC186A1B920048D3D3 /* CoreGraphics.framework in Frameworks */,
				98F479BE186A1B920048D3D3 /* UIKit.framework in Frameworks */,
				98F479BA186A1B920048D3D3 /* Foundation.framework in Frameworks */,
			);
			runOnlyForDeploymentPostprocessing = 0;
		};
		98F479D7186A1B920048D3D3 /* Frameworks */ = {
			isa = PBXFrameworksBuildPhase;
			buildActionMask = 2147483647;
			files = (
				98F479DC186A1B920048D3D3 /* XCTest.framework in Frameworks */,
				98F479DE186A1B920048D3D3 /* UIKit.framework in Frameworks */,
				98F479DD186A1B920048D3D3 /* Foundation.framework in Frameworks */,
			);
			runOnlyForDeploymentPostprocessing = 0;
		};
/* End PBXFrameworksBuildPhase section */

/* Begin PBXGroup section */
		681242651879B27500B3009F /* ProjectPongIcon */ = {
			isa = PBXGroup;
			children = (
				681242661879B27500B3009F /* iTunesProjectPong.png */,
				681242671879B27500B3009F /* iTunesProjectPong@2x.png */,
				681242681879B27500B3009F /* ProjectPong29x29.png */,
				681242691879B27500B3009F /* ProjectPong29x29@2x.png */,
				6812426A1879B27500B3009F /* ProjectPong40x40.png */,
				6812426B1879B27500B3009F /* ProjectPong40x40@2x.png */,
				6812426C1879B27500B3009F /* ProjectPong50x50.png */,
				6812426D1879B27500B3009F /* ProjectPong50x50@2x.png */,
				6812426E1879B27500B3009F /* ProjectPong57x57.png */,
				6812426F1879B27500B3009F /* ProjectPong57x57@2x.png */,
				681242701879B27500B3009F /* ProjectPong60x60.png */,
				681242711879B27500B3009F /* ProjectPong60x60@2x.png */,
				681242721879B27500B3009F /* ProjectPong72x72.png */,
				681242731879B27500B3009F /* ProjectPong72x72@2x.png */,
				681242741879B27500B3009F /* ProjectPong76x76.png */,
				681242751879B27500B3009F /* ProjectPong76x76@2x.png */,
			);
			path = ProjectPongIcon;
			sourceTree = "<group>";
		};
		6849B2B41875755B00431F38 /* ClassicTheme */ = {
			isa = PBXGroup;
			children = (
				686D416E18799AD50085E6B4 /* ClassicLost.png */,
				686D416F18799AD50085E6B4 /* ClassicWin.png */,
				68BCCDBF1876CC6800517892 /* ClassicNumbers.png */,
				6849B2D01875BC3D00431F38 /* ClassicBar.png */,
				6849B2CB1875AD0600431F38 /* ClassicUser.png */,
				6849B2C1187580D000431F38 /* ClassicBall.png */,
				6849B2C2187580D000431F38 /* ClassicPlayButton.png */,
				6849B2C3187580D000431F38 /* ClassicRuleButton.png */,
				6849B2C4187580D000431F38 /* ClassicScoreButton.png */,
				6849B2C5187580D000431F38 /* ClassicSettingsButton.png */,
				6849B2BF18757B9B00431F38 /* ClassicGameBackground.png */,
				6849B2BB18757A3E00431F38 /* ClassicBackground.png */,
				6849B2B91875772F00431F38 /* ClassicThemeButton.png */,
				6849B2B51875755B00431F38 /* ClassicTitle.png */,
			);
			path = ClassicTheme;
			sourceTree = "<group>";
		};
		6861DAD4186C847800EDA5EC /* PlasticTheme */ = {
			isa = PBXGroup;
			children = (
				686D416A18799AC20085E6B4 /* PlasticLost.png */,
				686D416B18799AC20085E6B4 /* PlasticWin.png */,
				98EC34931876D5A6008B2E17 /* PlasticNumbers.png */,
				68BCCDC11876CC8000517892 /* PlasticPlayButton.png */,
				6849B2B71875769600431F38 /* PlasticThemeButton.png */,
				6861DAD5186C847800EDA5EC /* PlasticBackground.png */,
				6861DAD6186C847800EDA5EC /* PlasticBall.png */,
				6861DAD7186C847800EDA5EC /* PlasticBar.png */,
				6861DAD8186C847800EDA5EC /* PlasticGameBackground.png */,
				6861DAD9186C847800EDA5EC /* PlasticPlayButton.png */,
				6861DADA186C847800EDA5EC /* PlasticRuleButton.png */,
				6861DADB186C847800EDA5EC /* PlasticScoreButton.png */,
				6861DADC186C847800EDA5EC /* PlasticSettingsButton.png */,
				6861DADD186C847800EDA5EC /* PlasticTitle.png */,
				6861DADE186C847800EDA5EC /* PlasticUser.png */,
			);
			path = PlasticTheme;
			sourceTree = "<group>";
		};
		68DCA3CD187F0931005B980C /* Sound */ = {
			isa = PBXGroup;
			children = (
				68DCA3CE187F0931005B980C /* ClassicSound */,
				68DCA3D5187F0931005B980C /* GameOverSound.wav */,
				68DCA3D6187F0931005B980C /* GameStartSound.wav */,
				68DCA3D7187F0931005B980C /* PlasticSound */,
			);
			path = Sound;
			sourceTree = "<group>";
		};
		68DCA3CE187F0931005B980C /* ClassicSound */ = {
			isa = PBXGroup;
			children = (
				68DCA3CF187F0931005B980C /* ClassicAlertSound.wav */,
				68DCA3D0187F0931005B980C /* ClassicBall1Sound.wav */,
				68DCA3D1187F0931005B980C /* ClassicBall2Sound.wav */,
				68DCA3D2187F0931005B980C /* ClassicMainSound.mp3 */,
				68DCA3D3187F0931005B980C /* ClassicScoreSound.wav */,
				68DCA3D4187F0931005B980C /* ClassicWinSound.wav */,
			);
			path = ClassicSound;
			sourceTree = "<group>";
		};
		68DCA3D7187F0931005B980C /* PlasticSound */ = {
			isa = PBXGroup;
			children = (
				68DCA3D8187F0931005B980C /* PlasticAlertSound.wav */,
				68DCA3D9187F0931005B980C /* PlasticBall1Sound.wav */,
				68DCA3DA187F0931005B980C /* PlasticBall2Sound.wav */,
				68DCA3DB187F0931005B980C /* PlasticMainSound.wav */,
				68DCA3DC187F0931005B980C /* PlasticScoreSound.wav */,
				68DCA3DD187F0931005B980C /* PlasticWinSound.wav */,
			);
			path = PlasticSound;
			sourceTree = "<group>";
		};
		98EC34971876F451008B2E17 /* StaticLibraries */ = {
			isa = PBXGroup;
			children = (
				98F47A14186A1CE70048D3D3 /* ACCropImages.h */,
				98F47A15186A1CE70048D3D3 /* ACCropImages.m */,
				98F47A16186A1CE70048D3D3 /* ACPopupViewManager.h */,
				98F47A17186A1CE70048D3D3 /* ACPopupViewManager.m */,
			);
			name = StaticLibraries;
			sourceTree = "<group>";
		};
		98F479AD186A1B920048D3D3 = {
			isa = PBXGroup;
			children = (
				98F479BF186A1B920048D3D3 /* projectpong */,
				98F479E1186A1B920048D3D3 /* projectpongTests */,
				98F479B8186A1B920048D3D3 /* Frameworks */,
				98F479B7186A1B920048D3D3 /* Products */,
			);
			sourceTree = "<group>";
		};
		98F479B7186A1B920048D3D3 /* Products */ = {
			isa = PBXGroup;
			children = (
				98F479B6186A1B920048D3D3 /* projectpong.app */,
				98F479DA186A1B920048D3D3 /* projectpongTests.xctest */,
			);
			name = Products;
			sourceTree = "<group>";
		};
		98F479B8186A1B920048D3D3 /* Frameworks */ = {
			isa = PBXGroup;
			children = (
				6872665B18771DED00F120E0 /* Social.framework */,
				98F479B9186A1B920048D3D3 /* Foundation.framework */,
				98F479BB186A1B920048D3D3 /* CoreGraphics.framework */,
				98F479BD186A1B920048D3D3 /* UIKit.framework */,
				98F479DB186A1B920048D3D3 /* XCTest.framework */,
			);
			name = Frameworks;
			sourceTree = "<group>";
		};
		98F479BF186A1B920048D3D3 /* projectpong */ = {
			isa = PBXGroup;
			children = (
				98F479D4186A1B920048D3D3 /* Images.xcassets */,
				98F479CE186A1B920048D3D3 /* Main_iPad.storyboard */,
				98F479CB186A1B920048D3D3 /* Main_iPhone.storyboard */,
				98F479C8186A1B920048D3D3 /* PPM_AppDelegate.h */,
				98F479C9186A1B920048D3D3 /* PPM_AppDelegate.m */,
				98F479F8186A1CD60048D3D3 /* PPM_CreditsViewController.h */,
				98F479F9186A1CD60048D3D3 /* PPM_CreditsViewController.m */,
				6861DAD1186C7E4700EDA5EC /* PPM_DifficultySettingsViewController.h */,
				6861DAD2186C7E4700EDA5EC /* PPM_DifficultySettingsViewController.m */,
				98F479FC186A1CD60048D3D3 /* PPM_InfoViewController.h */,
				98F479FD186A1CD60048D3D3 /* PPM_InfoViewController.m */,
				98F479FE186A1CD60048D3D3 /* PPM_GameViewController.h */,
				98F479FF186A1CD60048D3D3 /* PPM_GameViewController.m */,
				98F47A00186A1CD60048D3D3 /* PPM_StartViewController.h */,
				98F47A01186A1CD60048D3D3 /* PPM_StartViewController.m */,
				98F47A02186A1CD60048D3D3 /* PPM_RICPageViewController.h */,
				98F47A03186A1CD60048D3D3 /* PPM_RICPageViewController.m */,
				98F47A04186A1CD60048D3D3 /* PPM_RuleViewController.h */,
				98F47A05186A1CD60048D3D3 /* PPM_RuleViewController.m */,
				68E1515E186F1661004B5B26 /* PPM_SettingsTableViewController.h */,
				68E1515F186F1661004B5B26 /* PPM_SettingsTableViewController.m */,
				6849B2CD1875B6C100431F38 /* PPM_SocialSettingsViewController.h */,
				6849B2CE1875B6C100431F38 /* PPM_SocialSettingsViewController.m */,
				6861DAE9186C873600EDA5EC /* PPM_ThemeSettingsViewController.h */,
				6861DAEA186C873600EDA5EC /* PPM_ThemeSettingsViewController.m */,
				6861DACE186C7E0D00EDA5EC /* PPM_TimerSettingsViewController.h */,
				6861DACF186C7E0D00EDA5EC /* PPM_TimerSettingsViewController.m */,
				68B4F415186DC12F00C8567E /* PPM_UserAccountPageViewController.h */,
				68B4F416186DC12F00C8567E /* PPM_UserAccountPageViewController.m */,
				68270E53187183F100A071EA /* PPM_UserTableViewController.h */,
				68270E54187183F100A071EA /* PPM_UserTableViewController.m */,
				98F479D1186A1B920048D3D3 /* PPM_ViewController.h */,
				98F479D2186A1B920048D3D3 /* PPM_ViewController.m */,
				98F47A06186A1CD60048D3D3 /* PPM_WebThemesViewController.h */,
				98F47A07186A1CD60048D3D3 /* PPM_WebThemesViewController.m */,
				98F47A13186A1CE70048D3D3 /* Resources */,
				98F479C0186A1B920048D3D3 /* Supporting Files */,
				6872665818771B4B00F120E0 /* PPM_finalGameViewController.h */,
				6872665918771B4B00F120E0 /* PPM_finalGameViewController.m */,
				68DCA3EC187F0CD7005B980C /* PPM_LocalScoreViewController.h */,
				68DCA3ED187F0CD7005B980C /* PPM_LocalScoreViewController.m */,
				68DCA3EF187F0CE6005B980C /* PPM_SocialScoreViewController.h */,
				68DCA3F0187F0CE6005B980C /* PPM_SocialScoreViewController.m */,
			);
			path = projectpong;
			sourceTree = "<group>";
		};
		98F479C0186A1B920048D3D3 /* Supporting Files */ = {
			isa = PBXGroup;
			children = (
				98F479C1186A1B920048D3D3 /* projectpong-Info.plist */,
				98F479C2186A1B920048D3D3 /* InfoPlist.strings */,
				98F479C5186A1B920048D3D3 /* main.m */,
				98F479C7186A1B920048D3D3 /* projectpong-Prefix.pch */,
			);
			name = "Supporting Files";
			sourceTree = "<group>";
		};
		98F479E1186A1B920048D3D3 /* projectpongTests */ = {
			isa = PBXGroup;
			children = (
				98F479E7186A1B920048D3D3 /* projectpongTests.m */,
				98F479E2186A1B920048D3D3 /* Supporting Files */,
			);
			path = projectpongTests;
			sourceTree = "<group>";
		};
		98F479E2186A1B920048D3D3 /* Supporting Files */ = {
			isa = PBXGroup;
			children = (
				98F479E3186A1B920048D3D3 /* projectpongTests-Info.plist */,
				98F479E4186A1B920048D3D3 /* InfoPlist.strings */,
			);
			name = "Supporting Files";
			sourceTree = "<group>";
		};
		98F479F1186A1CD60048D3D3 /* Logic */ = {
			isa = PBXGroup;
			children = (
				98F479F2186A1CD60048D3D3 /* PPM_Ball.h */,
				98F479F3186A1CD60048D3D3 /* PPM_Ball.m */,
				98F479F4186A1CD60048D3D3 /* PPM_Bar.h */,
				98F479F5186A1CD60048D3D3 /* PPM_Bar.m */,
				98F479F6186A1CD60048D3D3 /* PPM_MainLogicClass.h */,
				98F479F7186A1CD60048D3D3 /* PPM_MainLogicClass.m */,
				98E52AB7186A4FCF00EEB419 /* PPM_Settings.h */,
				98E52AB8186A4FCF00EEB419 /* PPM_Settings.m */,
				9875869D1871DF410076EA89 /* PPM_Colors.h */,
				9875869E1871DF410076EA89 /* PPM_Colors.m */,
			);
			name = Logic;
			path = ../Logic;
			sourceTree = "<group>";
		};
		98F47A13186A1CE70048D3D3 /* Resources */ = {
			isa = PBXGroup;
			children = (
				68DCA3CD187F0931005B980C /* Sound */,
				98F479FA186A1CD60048D3D3 /* PPM_GameLogicAccessClass.h */,
				98F479FB186A1CD60048D3D3 /* PPM_GameLogicAccessClass.m */,
				982070E1186B8D62006CD73F /* PPM_GameSettingsAccessClass.h */,
				982070E2186B8D62006CD73F /* PPM_GameSettingsAccessClass.m */,
				98EC34971876F451008B2E17 /* StaticLibraries */,
				98F479F1186A1CD60048D3D3 /* Logic */,
				98F47A18186A1CE70048D3D3 /* images */,
			);
			path = Resources;
			sourceTree = "<group>";
		};
		98F47A18186A1CE70048D3D3 /* images */ = {
			isa = PBXGroup;
			children = (
				681242651879B27500B3009F /* ProjectPongIcon */,
				6849B2B41875755B00431F38 /* ClassicTheme */,
				689D7DD31872D054008949B5 /* facebookIcon.png */,
				689D7DD41872D054008949B5 /* twitterICon.png */,
				6861DAD4186C847800EDA5EC /* PlasticTheme */,
				98F47A19186A1CE70048D3D3 /* button-play-pause.png */,
				98F47A26186A1CE70048D3D3 /* LocalIcon.png */,
				98F47A28186A1CE70048D3D3 /* SocialIcon.png */,
			);
			path = images;
			sourceTree = "<group>";
		};
/* End PBXGroup section */

/* Begin PBXNativeTarget section */
		98F479B5186A1B920048D3D3 /* projectpong */ = {
			isa = PBXNativeTarget;
			buildConfigurationList = 98F479EB186A1B920048D3D3 /* Build configuration list for PBXNativeTarget "projectpong" */;
			buildPhases = (
				98F479B2186A1B920048D3D3 /* Sources */,
				98F479B3186A1B920048D3D3 /* Frameworks */,
				98F479B4186A1B920048D3D3 /* Resources */,
			);
			buildRules = (
			);
			dependencies = (
			);
			name = projectpong;
			productName = projectpong;
			productReference = 98F479B6186A1B920048D3D3 /* projectpong.app */;
			productType = "com.apple.product-type.application";
		};
		98F479D9186A1B920048D3D3 /* projectpongTests */ = {
			isa = PBXNativeTarget;
			buildConfigurationList = 98F479EE186A1B920048D3D3 /* Build configuration list for PBXNativeTarget "projectpongTests" */;
			buildPhases = (
				98F479D6186A1B920048D3D3 /* Sources */,
				98F479D7186A1B920048D3D3 /* Frameworks */,
				98F479D8186A1B920048D3D3 /* Resources */,
			);
			buildRules = (
			);
			dependencies = (
				98F479E0186A1B920048D3D3 /* PBXTargetDependency */,
			);
			name = projectpongTests;
			productName = projectpongTests;
			productReference = 98F479DA186A1B920048D3D3 /* projectpongTests.xctest */;
			productType = "com.apple.product-type.bundle.unit-test";
		};
/* End PBXNativeTarget section */

/* Begin PBXProject section */
		98F479AE186A1B920048D3D3 /* Project object */ = {
			isa = PBXProject;
			attributes = {
				CLASSPREFIX = PPM_;
				LastUpgradeCheck = 0500;
				ORGANIZATIONNAME = ALF;
				TargetAttributes = {
					98F479D9186A1B920048D3D3 = {
						TestTargetID = 98F479B5186A1B920048D3D3;
					};
				};
			};
			buildConfigurationList = 98F479B1186A1B920048D3D3 /* Build configuration list for PBXProject "projectpong" */;
			compatibilityVersion = "Xcode 3.2";
			developmentRegion = English;
			hasScannedForEncodings = 0;
			knownRegions = (
				en,
				Base,
			);
			mainGroup = 98F479AD186A1B920048D3D3;
			productRefGroup = 98F479B7186A1B920048D3D3 /* Products */;
			projectDirPath = "";
			projectRoot = "";
			targets = (
				98F479B5186A1B920048D3D3 /* projectpong */,
				98F479D9186A1B920048D3D3 /* projectpongTests */,
			);
		};
/* End PBXProject section */

/* Begin PBXResourcesBuildPhase section */
		98F479B4186A1B920048D3D3 /* Resources */ = {
			isa = PBXResourcesBuildPhase;
			buildActionMask = 2147483647;
			files = (
				68DCA3DF187F0931005B980C /* ClassicBall1Sound.wav in Resources */,
				6861DAE5186C847800EDA5EC /* PlasticScoreButton.png in Resources */,
				681242851879B27500B3009F /* ProjectPong76x76@2x.png in Resources */,
				6849B2BA1875772F00431F38 /* ClassicThemeButton.png in Resources */,
				68DCA3E3187F0931005B980C /* ClassicWinSound.wav in Resources */,
				6849B2CC1875AD0600431F38 /* ClassicUser.png in Resources */,
				68BCCDC01876CC6800517892 /* ClassicNumbers.png in Resources */,
				6849B2C8187580D000431F38 /* ClassicRuleButton.png in Resources */,
				6861DAE8186C847800EDA5EC /* PlasticUser.png in Resources */,
				686D417018799AD50085E6B4 /* ClassicLost.png in Resources */,
				6861DAE6186C847800EDA5EC /* PlasticSettingsButton.png in Resources */,
				98F47A2B186A1CE70048D3D3 /* button-play-pause.png in Resources */,
				6812427E1879B27500B3009F /* ProjectPong57x57.png in Resources */,
				6812427D1879B27500B3009F /* ProjectPong50x50@2x.png in Resources */,
				681242811879B27500B3009F /* ProjectPong60x60@2x.png in Resources */,
				6812427C1879B27500B3009F /* ProjectPong50x50.png in Resources */,
				681242831879B27500B3009F /* ProjectPong72x72@2x.png in Resources */,
				681242781879B27500B3009F /* ProjectPong29x29.png in Resources */,
				681242801879B27500B3009F /* ProjectPong60x60.png in Resources */,
				98F479D0186A1B920048D3D3 /* Main_iPad.storyboard in Resources */,
				6849B2C018757B9B00431F38 /* ClassicGameBackground.png in Resources */,
				68DCA3E5187F0931005B980C /* GameStartSound.wav in Resources */,
				68DCA3EB187F0931005B980C /* PlasticWinSound.wav in Resources */,
				68DCA3E9187F0931005B980C /* PlasticMainSound.wav in Resources */,
				68DCA3E7187F0931005B980C /* PlasticBall1Sound.wav in Resources */,
				68DCA3DE187F0931005B980C /* ClassicAlertSound.wav in Resources */,
				68DCA3EA187F0931005B980C /* PlasticScoreSound.wav in Resources */,
				6812427F1879B27500B3009F /* ProjectPong57x57@2x.png in Resources */,
				6849B2CA187580D000431F38 /* ClassicSettingsButton.png in Resources */,
				68DCA3E6187F0931005B980C /* PlasticAlertSound.wav in Resources */,
				68BCCDC21876CC8000517892 /* PlasticPlayButton.png in Resources */,
				68DCA3E8187F0931005B980C /* PlasticBall2Sound.wav in Resources */,
				6861DADF186C847800EDA5EC /* PlasticBackground.png in Resources */,
				6849B2BD18757A3E00431F38 /* ClassicBackground.png in Resources */,
				98F479D5186A1B920048D3D3 /* Images.xcassets in Resources */,
				6849B2B81875769600431F38 /* PlasticThemeButton.png in Resources */,
				6849B2B61875755B00431F38 /* ClassicTitle.png in Resources */,
				686D416C18799AC20085E6B4 /* PlasticLost.png in Resources */,
				98EC34941876D5A6008B2E17 /* PlasticNumbers.png in Resources */,
				6861DAE3186C847800EDA5EC /* PlasticPlayButton.png in Resources */,
				6861DAE7186C847800EDA5EC /* PlasticTitle.png in Resources */,
				98F479CD186A1B920048D3D3 /* Main_iPhone.storyboard in Resources */,
				68DCA3E0187F0931005B980C /* ClassicBall2Sound.wav in Resources */,
				68DCA3E2187F0931005B980C /* ClassicScoreSound.wav in Resources */,
				686D416D18799AC20085E6B4 /* PlasticWin.png in Resources */,
				681242771879B27500B3009F /* iTunesProjectPong@2x.png in Resources */,
				681242761879B27500B3009F /* iTunesProjectPong.png in Resources */,
				98F47A39186A1CE70048D3D3 /* SocialIcon.png in Resources */,
				98F47A37186A1CE70048D3D3 /* LocalIcon.png in Resources */,
				681242791879B27500B3009F /* ProjectPong29x29@2x.png in Resources */,
				689D7DD51872D054008949B5 /* facebookIcon.png in Resources */,
				6812427A1879B27500B3009F /* ProjectPong40x40.png in Resources */,
				6861DAE0186C847800EDA5EC /* PlasticBall.png in Resources */,
				686D417118799AD50085E6B4 /* ClassicWin.png in Resources */,
				68DCA3E4187F0931005B980C /* GameOverSound.wav in Resources */,
				689D7DD61872D054008949B5 /* twitterICon.png in Resources */,
				6861DAE1186C847800EDA5EC /* PlasticBar.png in Resources */,
				6849B2C6187580D000431F38 /* ClassicBall.png in Resources */,
				6849B2C7187580D000431F38 /* ClassicPlayButton.png in Resources */,
				681242821879B27500B3009F /* ProjectPong72x72.png in Resources */,
				68DCA3E1187F0931005B980C /* ClassicMainSound.mp3 in Resources */,
				6861DAE4186C847800EDA5EC /* PlasticRuleButton.png in Resources */,
				6849B2C9187580D000431F38 /* ClassicScoreButton.png in Resources */,
				681242841879B27500B3009F /* ProjectPong76x76.png in Resources */,
				6861DAE2186C847800EDA5EC /* PlasticGameBackground.png in Resources */,
				6849B2D11875BC3D00431F38 /* ClassicBar.png in Resources */,
				98F479C4186A1B920048D3D3 /* InfoPlist.strings in Resources */,
				6812427B1879B27500B3009F /* ProjectPong40x40@2x.png in Resources */,
			);
			runOnlyForDeploymentPostprocessing = 0;
		};
		98F479D8186A1B920048D3D3 /* Resources */ = {
			isa = PBXResourcesBuildPhase;
			buildActionMask = 2147483647;
			files = (
				98F479E6186A1B920048D3D3 /* InfoPlist.strings in Resources */,
			);
			runOnlyForDeploymentPostprocessing = 0;
		};
/* End PBXResourcesBuildPhase section */

/* Begin PBXSourcesBuildPhase section */
		98F479B2186A1B920048D3D3 /* Sources */ = {
			isa = PBXSourcesBuildPhase;
			buildActionMask = 2147483647;
			files = (
				98F47A0F186A1CD60048D3D3 /* PPM_StartViewController.m in Sources */,
				98F47A08186A1CD60048D3D3 /* PPM_Ball.m in Sources */,
				98F47A0D186A1CD60048D3D3 /* PPM_InfoViewController.m in Sources */,
				6861DAD3186C7E4700EDA5EC /* PPM_DifficultySettingsViewController.m in Sources */,
				982070E3186B8D62006CD73F /* PPM_GameSettingsAccessClass.m in Sources */,
				9875869F1871DF410076EA89 /* PPM_Colors.m in Sources */,
				98F47A11186A1CD60048D3D3 /* PPM_RuleViewController.m in Sources */,
				98E52AB9186A4FCF00EEB419 /* PPM_Settings.m in Sources */,
				68E15160186F1661004B5B26 /* PPM_SettingsTableViewController.m in Sources */,
				98F47A0C186A1CD60048D3D3 /* PPM_GameLogicAccessClass.m in Sources */,
				68270E55187183F100A071EA /* PPM_UserTableViewController.m in Sources */,
				68B4F417186DC12F00C8567E /* PPM_UserAccountPageViewController.m in Sources */,
				98F47A10186A1CD60048D3D3 /* PPM_RICPageViewController.m in Sources */,
				98F47A0E186A1CD60048D3D3 /* PPM_GameViewController.m in Sources */,
				98F47A0B186A1CD60048D3D3 /* PPM_CreditsViewController.m in Sources */,
				68DCA3EE187F0CD7005B980C /* PPM_LocalScoreViewController.m in Sources */,
				6861DAD0186C7E0D00EDA5EC /* PPM_TimerSettingsViewController.m in Sources */,
				6861DAEB186C873600EDA5EC /* PPM_ThemeSettingsViewController.m in Sources */,
				98F479CA186A1B920048D3D3 /* PPM_AppDelegate.m in Sources */,
				98F47A09186A1CD60048D3D3 /* PPM_Bar.m in Sources */,
				98F479D3186A1B920048D3D3 /* PPM_ViewController.m in Sources */,
				98F47A12186A1CD60048D3D3 /* PPM_WebThemesViewController.m in Sources */,
				98F47A0A186A1CD60048D3D3 /* PPM_MainLogicClass.m in Sources */,
				6872665A18771B4B00F120E0 /* PPM_finalGameViewController.m in Sources */,
				98F47A2A186A1CE70048D3D3 /* ACPopupViewManager.m in Sources */,
				68DCA3F1187F0CE6005B980C /* PPM_SocialScoreViewController.m in Sources */,
				6849B2CF1875B6C100431F38 /* PPM_SocialSettingsViewController.m in Sources */,
				98F47A29186A1CE70048D3D3 /* ACCropImages.m in Sources */,
				98F479C6186A1B920048D3D3 /* main.m in Sources */,
			);
			runOnlyForDeploymentPostprocessing = 0;
		};
		98F479D6186A1B920048D3D3 /* Sources */ = {
			isa = PBXSourcesBuildPhase;
			buildActionMask = 2147483647;
			files = (
				98F479E8186A1B920048D3D3 /* projectpongTests.m in Sources */,
			);
			runOnlyForDeploymentPostprocessing = 0;
		};
/* End PBXSourcesBuildPhase section */

/* Begin PBXTargetDependency section */
		98F479E0186A1B920048D3D3 /* PBXTargetDependency */ = {
			isa = PBXTargetDependency;
			target = 98F479B5186A1B920048D3D3 /* projectpong */;
			targetProxy = 98F479DF186A1B920048D3D3 /* PBXContainerItemProxy */;
		};
/* End PBXTargetDependency section */

/* Begin PBXVariantGroup section */
		98F479C2186A1B920048D3D3 /* InfoPlist.strings */ = {
			isa = PBXVariantGroup;
			children = (
				98F479C3186A1B920048D3D3 /* en */,
			);
			name = InfoPlist.strings;
			sourceTree = "<group>";
		};
		98F479CB186A1B920048D3D3 /* Main_iPhone.storyboard */ = {
			isa = PBXVariantGroup;
			children = (
				98F479CC186A1B920048D3D3 /* Base */,
			);
			name = Main_iPhone.storyboard;
			sourceTree = "<group>";
		};
		98F479CE186A1B920048D3D3 /* Main_iPad.storyboard */ = {
			isa = PBXVariantGroup;
			children = (
				98F479CF186A1B920048D3D3 /* Base */,
			);
			name = Main_iPad.storyboard;
			sourceTree = "<group>";
		};
		98F479E4186A1B920048D3D3 /* InfoPlist.strings */ = {
			isa = PBXVariantGroup;
			children = (
				98F479E5186A1B920048D3D3 /* en */,
			);
			name = InfoPlist.strings;
			sourceTree = "<group>";
		};
/* End PBXVariantGroup section */

/* Begin XCBuildConfiguration section */
		98F479E9186A1B920048D3D3 /* Debug */ = {
			isa = XCBuildConfiguration;
			buildSettings = {
				ALWAYS_SEARCH_USER_PATHS = NO;
				ARCHS = "$(ARCHS_STANDARD_INCLUDING_64_BIT)";
				CLANG_CXX_LANGUAGE_STANDARD = "gnu++0x";
				CLANG_CXX_LIBRARY = "libc++";
				CLANG_ENABLE_MODULES = YES;
				CLANG_ENABLE_OBJC_ARC = YES;
				CLANG_WARN_BOOL_CONVERSION = YES;
				CLANG_WARN_CONSTANT_CONVERSION = YES;
				CLANG_WARN_DIRECT_OBJC_ISA_USAGE = YES_ERROR;
				CLANG_WARN_EMPTY_BODY = YES;
				CLANG_WARN_ENUM_CONVERSION = YES;
				CLANG_WARN_INT_CONVERSION = YES;
				CLANG_WARN_OBJC_ROOT_CLASS = YES_ERROR;
				CLANG_WARN__DUPLICATE_METHOD_MATCH = YES;
				"CODE_SIGN_IDENTITY[sdk=iphoneos*]" = "iPhone Developer";
				COPY_PHASE_STRIP = NO;
				GCC_C_LANGUAGE_STANDARD = gnu99;
				GCC_DYNAMIC_NO_PIC = NO;
				GCC_OPTIMIZATION_LEVEL = 0;
				GCC_PREPROCESSOR_DEFINITIONS = (
					"DEBUG=1",
					"$(inherited)",
				);
				GCC_SYMBOLS_PRIVATE_EXTERN = NO;
				GCC_WARN_64_TO_32_BIT_CONVERSION = YES;
				GCC_WARN_ABOUT_RETURN_TYPE = YES_ERROR;
				GCC_WARN_UNDECLARED_SELECTOR = YES;
				GCC_WARN_UNINITIALIZED_AUTOS = YES;
				GCC_WARN_UNUSED_FUNCTION = YES;
				GCC_WARN_UNUSED_VARIABLE = YES;
				IPHONEOS_DEPLOYMENT_TARGET = 7.0;
				ONLY_ACTIVE_ARCH = YES;
				SDKROOT = iphoneos;
				TARGETED_DEVICE_FAMILY = "1,2";
			};
			name = Debug;
		};
		98F479EA186A1B920048D3D3 /* Release */ = {
			isa = XCBuildConfiguration;
			buildSettings = {
				ALWAYS_SEARCH_USER_PATHS = NO;
				ARCHS = "$(ARCHS_STANDARD_INCLUDING_64_BIT)";
				CLANG_CXX_LANGUAGE_STANDARD = "gnu++0x";
				CLANG_CXX_LIBRARY = "libc++";
				CLANG_ENABLE_MODULES = YES;
				CLANG_ENABLE_OBJC_ARC = YES;
				CLANG_WARN_BOOL_CONVERSION = YES;
				CLANG_WARN_CONSTANT_CONVERSION = YES;
				CLANG_WARN_DIRECT_OBJC_ISA_USAGE = YES_ERROR;
				CLANG_WARN_EMPTY_BODY = YES;
				CLANG_WARN_ENUM_CONVERSION = YES;
				CLANG_WARN_INT_CONVERSION = YES;
				CLANG_WARN_OBJC_ROOT_CLASS = YES_ERROR;
				CLANG_WARN__DUPLICATE_METHOD_MATCH = YES;
				"CODE_SIGN_IDENTITY[sdk=iphoneos*]" = "iPhone Developer";
				COPY_PHASE_STRIP = YES;
				ENABLE_NS_ASSERTIONS = NO;
				GCC_C_LANGUAGE_STANDARD = gnu99;
				GCC_WARN_64_TO_32_BIT_CONVERSION = YES;
				GCC_WARN_ABOUT_RETURN_TYPE = YES_ERROR;
				GCC_WARN_UNDECLARED_SELECTOR = YES;
				GCC_WARN_UNINITIALIZED_AUTOS = YES;
				GCC_WARN_UNUSED_FUNCTION = YES;
				GCC_WARN_UNUSED_VARIABLE = YES;
				IPHONEOS_DEPLOYMENT_TARGET = 7.0;
				SDKROOT = iphoneos;
				TARGETED_DEVICE_FAMILY = "1,2";
				VALIDATE_PRODUCT = YES;
			};
			name = Release;
		};
		98F479EC186A1B920048D3D3 /* Debug */ = {
			isa = XCBuildConfiguration;
			buildSettings = {
				ASSETCATALOG_COMPILER_APPICON_NAME = AppIcon;
				ASSETCATALOG_COMPILER_LAUNCHIMAGE_NAME = LaunchImage;
				GCC_PRECOMPILE_PREFIX_HEADER = YES;
				GCC_PREFIX_HEADER = "projectpong/projectpong-Prefix.pch";
				INFOPLIST_FILE = "projectpong/projectpong-Info.plist";
				PRODUCT_NAME = "$(TARGET_NAME)";
				WRAPPER_EXTENSION = app;
			};
			name = Debug;
		};
		98F479ED186A1B920048D3D3 /* Release */ = {
			isa = XCBuildConfiguration;
			buildSettings = {
				ASSETCATALOG_COMPILER_APPICON_NAME = AppIcon;
				ASSETCATALOG_COMPILER_LAUNCHIMAGE_NAME = LaunchImage;
				GCC_PRECOMPILE_PREFIX_HEADER = YES;
				GCC_PREFIX_HEADER = "projectpong/projectpong-Prefix.pch";
				INFOPLIST_FILE = "projectpong/projectpong-Info.plist";
				PRODUCT_NAME = "$(TARGET_NAME)";
				WRAPPER_EXTENSION = app;
			};
			name = Release;
		};
		98F479EF186A1B920048D3D3 /* Debug */ = {
			isa = XCBuildConfiguration;
			buildSettings = {
				ARCHS = "$(ARCHS_STANDARD_INCLUDING_64_BIT)";
				BUNDLE_LOADER = "$(BUILT_PRODUCTS_DIR)/projectpong.app/projectpong";
				FRAMEWORK_SEARCH_PATHS = (
					"$(SDKROOT)/Developer/Library/Frameworks",
					"$(inherited)",
					"$(DEVELOPER_FRAMEWORKS_DIR)",
				);
				GCC_PRECOMPILE_PREFIX_HEADER = YES;
				GCC_PREFIX_HEADER = "projectpong/projectpong-Prefix.pch";
				GCC_PREPROCESSOR_DEFINITIONS = (
					"DEBUG=1",
					"$(inherited)",
				);
				INFOPLIST_FILE = "projectpongTests/projectpongTests-Info.plist";
				PRODUCT_NAME = "$(TARGET_NAME)";
				TEST_HOST = "$(BUNDLE_LOADER)";
				WRAPPER_EXTENSION = xctest;
			};
			name = Debug;
		};
		98F479F0186A1B920048D3D3 /* Release */ = {
			isa = XCBuildConfiguration;
			buildSettings = {
				ARCHS = "$(ARCHS_STANDARD_INCLUDING_64_BIT)";
				BUNDLE_LOADER = "$(BUILT_PRODUCTS_DIR)/projectpong.app/projectpong";
				FRAMEWORK_SEARCH_PATHS = (
					"$(SDKROOT)/Developer/Library/Frameworks",
					"$(inherited)",
					"$(DEVELOPER_FRAMEWORKS_DIR)",
				);
				GCC_PRECOMPILE_PREFIX_HEADER = YES;
				GCC_PREFIX_HEADER = "projectpong/projectpong-Prefix.pch";
				INFOPLIST_FILE = "projectpongTests/projectpongTests-Info.plist";
				PRODUCT_NAME = "$(TARGET_NAME)";
				TEST_HOST = "$(BUNDLE_LOADER)";
				WRAPPER_EXTENSION = xctest;
			};
			name = Release;
		};
/* End XCBuildConfiguration section */

/* Begin XCConfigurationList section */
		98F479B1186A1B920048D3D3 /* Build configuration list for PBXProject "projectpong" */ = {
			isa = XCConfigurationList;
			buildConfigurations = (
				98F479E9186A1B920048D3D3 /* Debug */,
				98F479EA186A1B920048D3D3 /* Release */,
			);
			defaultConfigurationIsVisible = 0;
			defaultConfigurationName = Release;
		};
		98F479EB186A1B920048D3D3 /* Build configuration list for PBXNativeTarget "projectpong" */ = {
			isa = XCConfigurationList;
			buildConfigurations = (
				98F479EC186A1B920048D3D3 /* Debug */,
				98F479ED186A1B920048D3D3 /* Release */,
			);
			defaultConfigurationIsVisible = 0;
			defaultConfigurationName = Release;
		};
		98F479EE186A1B920048D3D3 /* Build configuration list for PBXNativeTarget "projectpongTests" */ = {
			isa = XCConfigurationList;
			buildConfigurations = (
				98F479EF186A1B920048D3D3 /* Debug */,
				98F479F0186A1B920048D3D3 /* Release */,
			);
			defaultConfigurationIsVisible = 0;
			defaultConfigurationName = Release;
		};
/* End XCConfigurationList section */
	};
	rootObject = 98F479AE186A1B920048D3D3 /* Project object */;
}
